
Microsoft Visual Studio Solution File, Format Version 11.00
# Visual C++ Express 2010
Project("{8BC9CEB8-8B4A-11D0-8D11-00A0C91BC942}") = "pff_plus", "pff_plus\pff_plus.vcxproj", "{83327130-29A2-4595-87E9-15693BB39AFA}"
EndProject
Global
	GlobalSection(SolutionConfigurationPlatforms) = preSolution
		Debug|Win32 = Debug|Win32
		Release|Win32 = Release|Win32
	EndGlobalSection
	GlobalSection(ProjectConfigurationPlatforms) = postSolution
		{83327130-29A2-4595-87E9-15693BB39AFA}.Debug|Win32.ActiveCfg = Debug|Win32
		{83327130-29A2-4595-87E9-15693BB39AFA}.Debug|Win32.Build.0 = Debug|Win32
		{83327130-29A2-4595-87E9-15693BB39AFA}.Release|Win32.ActiveCfg = Release|Win32
		{83327130-29A2-4595-87E9-15693BB39AFA}.Release|Win32.Build.0 = Release|Win32
	EndGlobalSection
	GlobalSection(SolutionProperties) = preSolution
		HideSolutionNode = FALSE
	EndGlobalSection
EndGlobal
